
Microsoft Visual Studio Solution File, Format Version 12.00
# Visual Studio Version 17
VisualStudioVersion = 17.8.34316.72
MinimumVisualStudioVersion = 10.0.40219.1
Project("{9A19103F-16F7-4668-BE54-9A1E7A4F7556}") = "SchoolMealVouchers", "SchoolMealVouchers.csproj", "{EECF6AB2-D599-465E-B3E2-607954E0D742}"
EndProject
Global
	GlobalSection(SolutionConfigurationPlatforms) = preSolution
		Debug|Any CPU = Debug|Any CPU
		Release|Any CPU = Release|Any CPU
	EndGlobalSection
	GlobalSection(ProjectConfigurationPlatforms) = postSolution
		{EECF6AB2-D599-465E-B3E2-607954E0D742}.Debug|Any CPU.ActiveCfg = Debug|Any CPU
		{EECF6AB2-D599-465E-B3E2-607954E0D742}.Debug|Any CPU.Build.0 = Debug|Any CPU
		{EECF6AB2-D599-465E-B3E2-607954E0D742}.Release|Any CPU.ActiveCfg = Release|Any CPU
		{EECF6AB2-D599-465E-B3E2-607954E0D742}.Release|Any CPU.Build.0 = Release|Any CPU
	EndGlobalSection
	GlobalSection(SolutionProperties) = preSolution
		HideSolutionNode = FALSE
	EndGlobalSection
	GlobalSection(ExtensibilityGlobals) = postSolution
		SolutionGuid = {EA36FAA6-03D9-4ACA-87CB-0F9A2544CE05}
	EndGlobalSection
EndGlobal
